
Microsoft Visual Studio Solution File, Format Version 12.00
# Visual Studio Version 16
VisualStudioVersion = 16.0.30011.22
MinimumVisualStudioVersion = 10.0.40219.1
Project("{FAE04EC0-301F-11D3-BF4B-00C04F79EFBC}") = "Jamaker", "Jamaker.csproj", "{E61B05F0-30E9-4CBA-B372-E25B91D6D927}"
EndProject
Project("{FAE04EC0-301F-11D3-BF4B-00C04F79EFBC}") = "PlayerBridge", "..\PlayerBridge\PlayerBridge\PlayerBridge.csproj", "{DFE0D759-C398-4E88-A957-8973A0941B13}"
EndProject
Project("{FAE04EC0-301F-11D3-BF4B-00C04F79EFBC}") = "PlayerBridge_NoPlayer", "..\PlayerBridge\PlayerBridge_NoPlayer\PlayerBridge_NoPlayer.csproj", "{EE0510D9-C061-4831-BAC8-67256727B165}"
EndProject
Project("{FAE04EC0-301F-11D3-BF4B-00C04F79EFBC}") = "PlayerBridge_PotPlayer", "..\PlayerBridge\PlayerBridge_PotPlayer\PlayerBridge_PotPlayer.csproj", "{05F45C0D-679E-4863-BF8F-25DD1EEADB87}"
EndProject
Global
	GlobalSection(SolutionConfigurationPlatforms) = preSolution
		Debug|Any CPU = Debug|Any CPU
		Release|Any CPU = Release|Any CPU
	EndGlobalSection
	GlobalSection(ProjectConfigurationPlatforms) = postSolution
		{E61B05F0-30E9-4CBA-B372-E25B91D6D927}.Debug|Any CPU.ActiveCfg = Debug|Any CPU
		{E61B05F0-30E9-4CBA-B372-E25B91D6D927}.Debug|Any CPU.Build.0 = Debug|Any CPU
		{E61B05F0-30E9-4CBA-B372-E25B91D6D927}.Release|Any CPU.ActiveCfg = Release|Any CPU
		{E61B05F0-30E9-4CBA-B372-E25B91D6D927}.Release|Any CPU.Build.0 = Release|Any CPU
		{DFE0D759-C398-4E88-A957-8973A0941B13}.Debug|Any CPU.ActiveCfg = Debug|Any CPU
		{DFE0D759-C398-4E88-A957-8973A0941B13}.Debug|Any CPU.Build.0 = Debug|Any CPU
		{DFE0D759-C398-4E88-A957-8973A0941B13}.Release|Any CPU.ActiveCfg = Release|Any CPU
		{DFE0D759-C398-4E88-A957-8973A0941B13}.Release|Any CPU.Build.0 = Release|Any CPU
		{EE0510D9-C061-4831-BAC8-67256727B165}.Debug|Any CPU.ActiveCfg = Debug|Any CPU
		{EE0510D9-C061-4831-BAC8-67256727B165}.Debug|Any CPU.Build.0 = Debug|Any CPU
		{EE0510D9-C061-4831-BAC8-67256727B165}.Release|Any CPU.ActiveCfg = Release|Any CPU
		{EE0510D9-C061-4831-BAC8-67256727B165}.Release|Any CPU.Build.0 = Release|Any CPU
		{05F45C0D-679E-4863-BF8F-25DD1EEADB87}.Debug|Any CPU.ActiveCfg = Debug|Any CPU
		{05F45C0D-679E-4863-BF8F-25DD1EEADB87}.Debug|Any CPU.Build.0 = Debug|Any CPU
		{05F45C0D-679E-4863-BF8F-25DD1EEADB87}.Release|Any CPU.ActiveCfg = Release|Any CPU
		{05F45C0D-679E-4863-BF8F-25DD1EEADB87}.Release|Any CPU.Build.0 = Release|Any CPU
	EndGlobalSection
	GlobalSection(SolutionProperties) = preSolution
		HideSolutionNode = FALSE
	EndGlobalSection
	GlobalSection(ExtensibilityGlobals) = postSolution
		SolutionGuid = {DFA62399-9065-4D1B-B971-62D8A6C29C8B}
	EndGlobalSection
EndGlobal
