
Microsoft Visual Studio Solution File, Format Version 12.00
# Visual Studio Version 16
VisualStudioVersion = 16.0.30011.22
MinimumVisualStudioVersion = 10.0.40219.1
Project("{FAE04EC0-301F-11D3-BF4B-00C04F79EFBC}") = "SmiEdit", "SmiEdit.csproj", "{E61B05F0-30E9-4CBA-B372-E25B91D6D927}"
EndProject
Project("{FAE04EC0-301F-11D3-BF4B-00C04F79EFBC}") = "SmiEditBridge", "..\SmiEditBridge\SmiEditBridge.csproj", "{992DE08D-CD78-4BB8-B426-176BBAEA277E}"
EndProject
Global
	GlobalSection(SolutionConfigurationPlatforms) = preSolution
		Debug|Any CPU = Debug|Any CPU
		Release|Any CPU = Release|Any CPU
	EndGlobalSection
	GlobalSection(ProjectConfigurationPlatforms) = postSolution
		{E61B05F0-30E9-4CBA-B372-E25B91D6D927}.Debug|Any CPU.ActiveCfg = Debug|Any CPU
		{E61B05F0-30E9-4CBA-B372-E25B91D6D927}.Debug|Any CPU.Build.0 = Debug|Any CPU
		{E61B05F0-30E9-4CBA-B372-E25B91D6D927}.Release|Any CPU.ActiveCfg = Release|Any CPU
		{E61B05F0-30E9-4CBA-B372-E25B91D6D927}.Release|Any CPU.Build.0 = Release|Any CPU
		{992DE08D-CD78-4BB8-B426-176BBAEA277E}.Debug|Any CPU.ActiveCfg = Debug|Any CPU
		{992DE08D-CD78-4BB8-B426-176BBAEA277E}.Debug|Any CPU.Build.0 = Debug|Any CPU
		{992DE08D-CD78-4BB8-B426-176BBAEA277E}.Release|Any CPU.ActiveCfg = Release|Any CPU
		{992DE08D-CD78-4BB8-B426-176BBAEA277E}.Release|Any CPU.Build.0 = Release|Any CPU
	EndGlobalSection
	GlobalSection(SolutionProperties) = preSolution
		HideSolutionNode = FALSE
	EndGlobalSection
	GlobalSection(ExtensibilityGlobals) = postSolution
		SolutionGuid = {DFA62399-9065-4D1B-B971-62D8A6C29C8B}
	EndGlobalSection
EndGlobal
